{
  "name": "todo",
  "version": "1.0.0",
  "lockfileVersion": 1,
  "requires": true,
  "dependencies": {
    "core-js": {
      "version": "3.6.5",
      "resolved": "https://registry.npmjs.org/core-js/-/core-js-3.6.5.tgz",
      "integrity": "sha512-vZVEEwZoIsI+vPEuoF9Iqf5H7/M3eeQqWlQnYa8FSKKePuYTf5MWnxb5SDAzCa60b3JBRS5g9b+Dq7b1y/RCrA=="
    },
    "fxjs2": {
      "version": "0.16.3",
      "resolved": "https://registry.npmjs.org/fxjs2/-/fxjs2-0.16.3.tgz",
      "integrity": "sha512-PjEGt+L0MDNGPhT+kcTEIMc0bmOrgXt/7AK5Z+r5l5SZAkH8VSh9Y2CQ/0+VXcBsY7CV1eOZNvBPH04KiBRwyw==",
      "requires": {
        "core-js": "^3.6.5",
        "regenerator-runtime": "^0.13.5"
      }
    },
    "prettier": {
      "version": "2.0.5",
      "resolved": "https://registry.npmjs.org/prettier/-/prettier-2.0.5.tgz",
      "integrity": "sha512-7PtVymN48hGcO4fGjybyBSIWDsLU4H4XlvOHfq91pz9kkGlonzwTfYkaIEwiRg/dAJF9YlbsduBAgtYLi+8cFg=="
    },
    "regenerator-runtime": {
      "version": "0.13.7",
      "resolved": "https://registry.npmjs.org/regenerator-runtime/-/regenerator-runtime-0.13.7.tgz",
      "integrity": "sha512-a54FxoJDIr27pgf7IgeQGxmqUNYrcV338lf/6gH456HZ/PhX+5BcwHXG9ajESmwe6WRO0tAzRUrRmNONWgkrew=="
    }
  }
}
